
Microsoft Visual Studio Solution File, Format Version 12.00
# Visual Studio Version 17
VisualStudioVersion = 17.14.36623.8
MinimumVisualStudioVersion = 10.0.40219.1
Project("{FAE04EC0-301F-11D3-BF4B-00C04F79EFBC}") = "EmployeeUI", "EmployeeUI\EmployeeUI.csproj", "{09AB8847-DA8F-41BD-B52E-6E8D0071D3A0}"
EndProject
Project("{FAE04EC0-301F-11D3-BF4B-00C04F79EFBC}") = "Entities", "Entities\Entities.csproj", "{BA450315-04A3-4196-A2FB-63B1C205C590}"
EndProject
Project("{FAE04EC0-301F-11D3-BF4B-00C04F79EFBC}") = "DataAccess", "DataAccess\DataAccess.csproj", "{D99F4ACC-2261-45A9-BBA5-AA68881B5581}"
EndProject
Project("{FAE04EC0-301F-11D3-BF4B-00C04F79EFBC}") = "Business", "Business\Business.csproj", "{3A2F6C4B-B22A-45BE-B74A-7685B579215A}"
EndProject
Global
	GlobalSection(SolutionConfigurationPlatforms) = preSolution
		Debug|Any CPU = Debug|Any CPU
		Release|Any CPU = Release|Any CPU
	EndGlobalSection
	GlobalSection(ProjectConfigurationPlatforms) = postSolution
		{09AB8847-DA8F-41BD-B52E-6E8D0071D3A0}.Debug|Any CPU.ActiveCfg = Debug|Any CPU
		{09AB8847-DA8F-41BD-B52E-6E8D0071D3A0}.Debug|Any CPU.Build.0 = Debug|Any CPU
		{09AB8847-DA8F-41BD-B52E-6E8D0071D3A0}.Release|Any CPU.ActiveCfg = Release|Any CPU
		{09AB8847-DA8F-41BD-B52E-6E8D0071D3A0}.Release|Any CPU.Build.0 = Release|Any CPU
		{BA450315-04A3-4196-A2FB-63B1C205C590}.Debug|Any CPU.ActiveCfg = Debug|Any CPU
		{BA450315-04A3-4196-A2FB-63B1C205C590}.Debug|Any CPU.Build.0 = Debug|Any CPU
		{BA450315-04A3-4196-A2FB-63B1C205C590}.Release|Any CPU.ActiveCfg = Release|Any CPU
		{BA450315-04A3-4196-A2FB-63B1C205C590}.Release|Any CPU.Build.0 = Release|Any CPU
		{D99F4ACC-2261-45A9-BBA5-AA68881B5581}.Debug|Any CPU.ActiveCfg = Debug|Any CPU
		{D99F4ACC-2261-45A9-BBA5-AA68881B5581}.Debug|Any CPU.Build.0 = Debug|Any CPU
		{D99F4ACC-2261-45A9-BBA5-AA68881B5581}.Release|Any CPU.ActiveCfg = Release|Any CPU
		{D99F4ACC-2261-45A9-BBA5-AA68881B5581}.Release|Any CPU.Build.0 = Release|Any CPU
		{3A2F6C4B-B22A-45BE-B74A-7685B579215A}.Debug|Any CPU.ActiveCfg = Debug|Any CPU
		{3A2F6C4B-B22A-45BE-B74A-7685B579215A}.Debug|Any CPU.Build.0 = Debug|Any CPU
		{3A2F6C4B-B22A-45BE-B74A-7685B579215A}.Release|Any CPU.ActiveCfg = Release|Any CPU
		{3A2F6C4B-B22A-45BE-B74A-7685B579215A}.Release|Any CPU.Build.0 = Release|Any CPU
	EndGlobalSection
	GlobalSection(SolutionProperties) = preSolution
		HideSolutionNode = FALSE
	EndGlobalSection
	GlobalSection(ExtensibilityGlobals) = postSolution
		SolutionGuid = {09315F2D-2164-4C26-BFF0-EC3FEB87AB72}
	EndGlobalSection
EndGlobal
